// !$*UTF8*$!
{
	archiveVersion = 1;
	classes = {
	};
	objectVersion = 50;
	objects = {

/* Begin PBXBuildFile section */
		455774E7212F847A00633E02 /* AppDelegate.swift in Sources */ = {isa = PBXBuildFile; fileRef = 455774E6212F847A00633E02 /* AppDelegate.swift */; };
		455774EC212F847A00633E02 /* Main.storyboard in Resources */ = {isa = PBXBuildFile; fileRef = 455774EA212F847A00633E02 /* Main.storyboard */; };
		455774EE212F847B00633E02 /* Assets.xcassets in Resources */ = {isa = PBXBuildFile; fileRef = 455774ED212F847B00633E02 /* Assets.xcassets */; };
		455774F1212F847B00633E02 /* LaunchScreen.storyboard in Resources */ = {isa = PBXBuildFile; fileRef = 455774EF212F847B00633E02 /* LaunchScreen.storyboard */; };
		455774F9212F872E00633E02 /* BucketListItem.swift in Sources */ = {isa = PBXBuildFile; fileRef = 455774F8212F872E00633E02 /* BucketListItem.swift */; };
		455774FD212F882000633E02 /* BucketListItemController.swift in Sources */ = {isa = PBXBuildFile; fileRef = 455774FC212F882000633E02 /* BucketListItemController.swift */; };
		45577500212F927700633E02 /* BucketListTableViewController.swift in Sources */ = {isa = PBXBuildFile; fileRef = 455774FF212F927700633E02 /* BucketListTableViewController.swift */; };
		45577502212F92FA00633E02 /* DetailBcuketListViewController.swift in Sources */ = {isa = PBXBuildFile; fileRef = 45577501212F92FA00633E02 /* DetailBcuketListViewController.swift */; };
/* End PBXBuildFile section */

/* Begin PBXFileReference section */
		455774E3212F847A00633E02 /* Bucket List.app */ = {isa = PBXFileReference; explicitFileType = wrapper.application; includeInIndex = 0; path = "Bucket List.app"; sourceTree = BUILT_PRODUCTS_DIR; };
		455774E6212F847A00633E02 /* AppDelegate.swift */ = {isa = PBXFileReference; lastKnownFileType = sourcecode.swift; path = AppDelegate.swift; sourceTree = "<group>"; };
		455774EB212F847A00633E02 /* Base */ = {isa = PBXFileReference; lastKnownFileType = file.storyboard; name = Base; path = Base.lproj/Main.storyboard; sourceTree = "<group>"; };
		455774ED212F847B00633E02 /* Assets.xcassets */ = {isa = PBXFileReference; lastKnownFileType = folder.assetcatalog; path = Assets.xcassets; sourceTree = "<group>"; };
		455774F0212F847B00633E02 /* Base */ = {isa = PBXFileReference; lastKnownFileType = file.storyboard; name = Base; path = Base.lproj/LaunchScreen.storyboard; sourceTree = "<group>"; };
		455774F2212F847B00633E02 /* Info.plist */ = {isa = PBXFileReference; lastKnownFileType = text.plist.xml; path = Info.plist; sourceTree = "<group>"; };
		455774F8212F872E00633E02 /* BucketListItem.swift */ = {isa = PBXFileReference; lastKnownFileType = sourcecode.swift; path = BucketListItem.swift; sourceTree = "<group>"; };
		455774FC212F882000633E02 /* BucketListItemController.swift */ = {isa = PBXFileReference; lastKnownFileType = sourcecode.swift; path = BucketListItemController.swift; sourceTree = "<group>"; };
		455774FF212F927700633E02 /* BucketListTableViewController.swift */ = {isa = PBXFileReference; lastKnownFileType = sourcecode.swift; path = BucketListTableViewController.swift; sourceTree = "<group>"; };
		45577501212F92FA00633E02 /* DetailBcuketListViewController.swift */ = {isa = PBXFileReference; lastKnownFileType = sourcecode.swift; path = DetailBcuketListViewController.swift; sourceTree = "<group>"; };
/* End PBXFileReference section */

/* Begin PBXFrameworksBuildPhase section */
		455774E0212F847A00633E02 /* Frameworks */ = {
			isa = PBXFrameworksBuildPhase;
			buildActionMask = 2147483647;
			files = (
			);
			runOnlyForDeploymentPostprocessing = 0;
		};
/* End PBXFrameworksBuildPhase section */

/* Begin PBXGroup section */
		455774DA212F847A00633E02 = {
			isa = PBXGroup;
			children = (
				455774E5212F847A00633E02 /* Bucket List */,
				455774E4212F847A00633E02 /* Products */,
			);
			sourceTree = "<group>";
		};
		455774E4212F847A00633E02 /* Products */ = {
			isa = PBXGroup;
			children = (
				455774E3212F847A00633E02 /* Bucket List.app */,
			);
			name = Products;
			sourceTree = "<group>";
		};
		455774E5212F847A00633E02 /* Bucket List */ = {
			isa = PBXGroup;
			children = (
				455774FA212F87D900633E02 /* Models */,
				455774FB212F87FD00633E02 /* Resources */,
				455774FE212F882400633E02 /* Controllers */,
			);
			path = "Bucket List";
			sourceTree = "<group>";
		};
		455774FA212F87D900633E02 /* Models */ = {
			isa = PBXGroup;
			children = (
				455774F8212F872E00633E02 /* BucketListItem.swift */,
			);
			path = Models;
			sourceTree = "<group>";
		};
		455774FB212F87FD00633E02 /* Resources */ = {
			isa = PBXGroup;
			children = (
				455774E6212F847A00633E02 /* AppDelegate.swift */,
				455774EA212F847A00633E02 /* Main.storyboard */,
				455774ED212F847B00633E02 /* Assets.xcassets */,
				455774EF212F847B00633E02 /* LaunchScreen.storyboard */,
				455774F2212F847B00633E02 /* Info.plist */,
			);
			path = Resources;
			sourceTree = "<group>";
		};
		455774FE212F882400633E02 /* Controllers */ = {
			isa = PBXGroup;
			children = (
				455774FC212F882000633E02 /* BucketListItemController.swift */,
				455774FF212F927700633E02 /* BucketListTableViewController.swift */,
				45577501212F92FA00633E02 /* DetailBcuketListViewController.swift */,
			);
			path = Controllers;
			sourceTree = "<group>";
		};
/* End PBXGroup section */

/* Begin PBXNativeTarget section */
		455774E2212F847A00633E02 /* Bucket List */ = {
			isa = PBXNativeTarget;
			buildConfigurationList = 455774F5212F847B00633E02 /* Build configuration list for PBXNativeTarget "Bucket List" */;
			buildPhases = (
				455774DF212F847A00633E02 /* Sources */,
				455774E0212F847A00633E02 /* Frameworks */,
				455774E1212F847A00633E02 /* Resources */,
			);
			buildRules = (
			);
			dependencies = (
			);
			name = "Bucket List";
			productName = "Bucket List";
			productReference = 455774E3212F847A00633E02 /* Bucket List.app */;
			productType = "com.apple.product-type.application";
		};
/* End PBXNativeTarget section */

/* Begin PBXProject section */
		455774DB212F847A00633E02 /* Project object */ = {
			isa = PBXProject;
			attributes = {
				LastSwiftUpdateCheck = 1000;
				LastUpgradeCheck = 1000;
				ORGANIZATIONNAME = "Markus Varner";
				TargetAttributes = {
					455774E2212F847A00633E02 = {
						CreatedOnToolsVersion = 10.0;
					};
				};
			};
			buildConfigurationList = 455774DE212F847A00633E02 /* Build configuration list for PBXProject "Bucket List" */;
			compatibilityVersion = "Xcode 9.3";
			developmentRegion = en;
			hasScannedForEncodings = 0;
			knownRegions = (
				en,
				Base,
			);
			mainGroup = 455774DA212F847A00633E02;
			productRefGroup = 455774E4212F847A00633E02 /* Products */;
			projectDirPath = "";
			projectRoot = "";
			targets = (
				455774E2212F847A00633E02 /* Bucket List */,
			);
		};
/* End PBXProject section */

/* Begin PBXResourcesBuildPhase section */
		455774E1212F847A00633E02 /* Resources */ = {
			isa = PBXResourcesBuildPhase;
			buildActionMask = 2147483647;
			files = (
				455774F1212F847B00633E02 /* LaunchScreen.storyboard in Resources */,
				455774EE212F847B00633E02 /* Assets.xcassets in Resources */,
				455774EC212F847A00633E02 /* Main.storyboard in Resources */,
			);
			runOnlyForDeploymentPostprocessing = 0;
		};
/* End PBXResourcesBuildPhase section */

/* Begin PBXSourcesBuildPhase section */
		455774DF212F847A00633E02 /* Sources */ = {
			isa = PBXSourcesBuildPhase;
			buildActionMask = 2147483647;
			files = (
				455774F9212F872E00633E02 /* BucketListItem.swift in Sources */,
				455774FD212F882000633E02 /* BucketListItemController.swift in Sources */,
				455774E7212F847A00633E02 /* AppDelegate.swift in Sources */,
				45577500212F927700633E02 /* BucketListTableViewController.swift in Sources */,
				45577502212F92FA00633E02 /* DetailBcuketListViewController.swift in Sources */,
			);
			runOnlyForDeploymentPostprocessing = 0;
		};
/* End PBXSourcesBuildPhase section */

/* Begin PBXVariantGroup section */
		455774EA212F847A00633E02 /* Main.storyboard */ = {
			isa = PBXVariantGroup;
			children = (
				455774EB212F847A00633E02 /* Base */,
			);
			name = Main.storyboard;
			sourceTree = "<group>";
		};
		455774EF212F847B00633E02 /* LaunchScreen.storyboard */ = {
			isa = PBXVariantGroup;
			children = (
				455774F0212F847B00633E02 /* Base */,
			);
			name = LaunchScreen.storyboard;
			sourceTree = "<group>";
		};
/* End PBXVariantGroup section */

/* Begin XCBuildConfiguration section */
		455774F3212F847B00633E02 /* Debug */ = {
			isa = XCBuildConfiguration;
			buildSettings = {
				ALWAYS_SEARCH_USER_PATHS = NO;
				CLANG_ANALYZER_NONNULL = YES;
				CLANG_ANALYZER_NUMBER_OBJECT_CONVERSION = YES_AGGRESSIVE;
				CLANG_CXX_LANGUAGE_STANDARD = "gnu++14";
				CLANG_CXX_LIBRARY = "libc++";
				CLANG_ENABLE_MODULES = YES;
				CLANG_ENABLE_OBJC_ARC = YES;
				CLANG_ENABLE_OBJC_WEAK = YES;
				CLANG_WARN_BLOCK_CAPTURE_AUTORELEASING = YES;
				CLANG_WARN_BOOL_CONVERSION = YES;
				CLANG_WARN_COMMA = YES;
				CLANG_WARN_CONSTANT_CONVERSION = YES;
				CLANG_WARN_DEPRECATED_OBJC_IMPLEMENTATIONS = YES;
				CLANG_WARN_DIRECT_OBJC_ISA_USAGE = YES_ERROR;
				CLANG_WARN_DOCUMENTATION_COMMENTS = YES;
				CLANG_WARN_EMPTY_BODY = YES;
				CLANG_WARN_ENUM_CONVERSION = YES;
				CLANG_WARN_INFINITE_RECURSION = YES;
				CLANG_WARN_INT_CONVERSION = YES;
				CLANG_WARN_NON_LITERAL_NULL_CONVERSION = YES;
				CLANG_WARN_OBJC_IMPLICIT_RETAIN_SELF = YES;
				CLANG_WARN_OBJC_LITERAL_CONVERSION = YES;
				CLANG_WARN_OBJC_ROOT_CLASS = YES_ERROR;
				CLANG_WARN_RANGE_LOOP_ANALYSIS = YES;
				CLANG_WARN_STRICT_PROTOTYPES = YES;
				CLANG_WARN_SUSPICIOUS_MOVE = YES;
				CLANG_WARN_UNGUARDED_AVAILABILITY = YES_AGGRESSIVE;
				CLANG_WARN_UNREACHABLE_CODE = YES;
				CLANG_WARN__DUPLICATE_METHOD_MATCH = YES;
				CODE_SIGN_IDENTITY = "iPhone Developer";
				COPY_PHASE_STRIP = NO;
				DEBUG_INFORMATION_FORMAT = dwarf;
				ENABLE_STRICT_OBJC_MSGSEND = YES;
				ENABLE_TESTABILITY = YES;
				GCC_C_LANGUAGE_STANDARD = gnu11;
				GCC_DYNAMIC_NO_PIC = NO;
				GCC_NO_COMMON_BLOCKS = YES;
				GCC_OPTIMIZATION_LEVEL = 0;
				GCC_PREPROCESSOR_DEFINITIONS = (
					"DEBUG=1",
					"$(inherited)",
				);
				GCC_WARN_64_TO_32_BIT_CONVERSION = YES;
				GCC_WARN_ABOUT_RETURN_TYPE = YES_ERROR;
				GCC_WARN_UNDECLARED_SELECTOR = YES;
				GCC_WARN_UNINITIALIZED_AUTOS = YES_AGGRESSIVE;
				GCC_WARN_UNUSED_FUNCTION = YES;
				GCC_WARN_UNUSED_VARIABLE = YES;
				IPHONEOS_DEPLOYMENT_TARGET = 12.0;
				MTL_ENABLE_DEBUG_INFO = INCLUDE_SOURCE;
				MTL_FAST_MATH = YES;
				ONLY_ACTIVE_ARCH = YES;
				SDKROOT = iphoneos;
				SWIFT_ACTIVE_COMPILATION_CONDITIONS = DEBUG;
				SWIFT_OPTIMIZATION_LEVEL = "-Onone";
			};
			name = Debug;
		};
		455774F4212F847B00633E02 /* Release */ = {
			isa = XCBuildConfiguration;
			buildSettings = {
				ALWAYS_SEARCH_USER_PATHS = NO;
				CLANG_ANALYZER_NONNULL = YES;
				CLANG_ANALYZER_NUMBER_OBJECT_CONVERSION = YES_AGGRESSIVE;
				CLANG_CXX_LANGUAGE_STANDARD = "gnu++14";
				CLANG_CXX_LIBRARY = "libc++";
				CLANG_ENABLE_MODULES = YES;
				CLANG_ENABLE_OBJC_ARC = YES;
				CLANG_ENABLE_OBJC_WEAK = YES;
				CLANG_WARN_BLOCK_CAPTURE_AUTORELEASING = YES;
				CLANG_WARN_BOOL_CONVERSION = YES;
				CLANG_WARN_COMMA = YES;
				CLANG_WARN_CONSTANT_CONVERSION = YES;
				CLANG_WARN_DEPRECATED_OBJC_IMPLEMENTATIONS = YES;
				CLANG_WARN_DIRECT_OBJC_ISA_USAGE = YES_ERROR;
				CLANG_WARN_DOCUMENTATION_COMMENTS = YES;
				CLANG_WARN_EMPTY_BODY = YES;
				CLANG_WARN_ENUM_CONVERSION = YES;
				CLANG_WARN_INFINITE_RECURSION = YES;
				CLANG_WARN_INT_CONVERSION = YES;
				CLANG_WARN_NON_LITERAL_NULL_CONVERSION = YES;
				CLANG_WARN_OBJC_IMPLICIT_RETAIN_SELF = YES;
				CLANG_WARN_OBJC_LITERAL_CONVERSION = YES;
				CLANG_WARN_OBJC_ROOT_CLASS = YES_ERROR;
				CLANG_WARN_RANGE_LOOP_ANALYSIS = YES;
				CLANG_WARN_STRICT_PROTOTYPES = YES;
				CLANG_WARN_SUSPICIOUS_MOVE = YES;
				CLANG_WARN_UNGUARDED_AVAILABILITY = YES_AGGRESSIVE;
				CLANG_WARN_UNREACHABLE_CODE = YES;
				CLANG_WARN__DUPLICATE_METHOD_MATCH = YES;
				CODE_SIGN_IDENTITY = "iPhone Developer";
				COPY_PHASE_STRIP = NO;
				DEBUG_INFORMATION_FORMAT = "dwarf-with-dsym";
				ENABLE_NS_ASSERTIONS = NO;
				ENABLE_STRICT_OBJC_MSGSEND = YES;
				GCC_C_LANGUAGE_STANDARD = gnu11;
				GCC_NO_COMMON_BLOCKS = YES;
				GCC_WARN_64_TO_32_BIT_CONVERSION = YES;
				GCC_WARN_ABOUT_RETURN_TYPE = YES_ERROR;
				GCC_WARN_UNDECLARED_SELECTOR = YES;
				GCC_WARN_UNINITIALIZED_AUTOS = YES_AGGRESSIVE;
				GCC_WARN_UNUSED_FUNCTION = YES;
				GCC_WARN_UNUSED_VARIABLE = YES;
				IPHONEOS_DEPLOYMENT_TARGET = 12.0;
				MTL_ENABLE_DEBUG_INFO = NO;
				MTL_FAST_MATH = YES;
				SDKROOT = iphoneos;
				SWIFT_COMPILATION_MODE = wholemodule;
				SWIFT_OPTIMIZATION_LEVEL = "-O";
				VALIDATE_PRODUCT = YES;
			};
			name = Release;
		};
		455774F6212F847B00633E02 /* Debug */ = {
			isa = XCBuildConfiguration;
			buildSettings = {
				ASSETCATALOG_COMPILER_APPICON_NAME = AppIcon;
				CODE_SIGN_STYLE = Automatic;
				DEVELOPMENT_TEAM = S3K462NKF6;
				INFOPLIST_FILE = "$(SRCROOT)/Bucket List/Resources/Info.plist";
				LD_RUNPATH_SEARCH_PATHS = (
					"$(inherited)",
					"@executable_path/Frameworks",
				);
				PRODUCT_BUNDLE_IDENTIFIER = "com.MarkusVarner.Bucket-List";
				PRODUCT_NAME = "$(TARGET_NAME)";
				SWIFT_VERSION = 4.2;
				TARGETED_DEVICE_FAMILY = "1,2";
			};
			name = Debug;
		};
		455774F7212F847B00633E02 /* Release */ = {
			isa = XCBuildConfiguration;
			buildSettings = {
				ASSETCATALOG_COMPILER_APPICON_NAME = AppIcon;
				CODE_SIGN_STYLE = Automatic;
				DEVELOPMENT_TEAM = S3K462NKF6;
				INFOPLIST_FILE = "$(SRCROOT)/Bucket List/Resources/Info.plist";
				LD_RUNPATH_SEARCH_PATHS = (
					"$(inherited)",
					"@executable_path/Frameworks",
				);
				PRODUCT_BUNDLE_IDENTIFIER = "com.MarkusVarner.Bucket-List";
				PRODUCT_NAME = "$(TARGET_NAME)";
				SWIFT_VERSION = 4.2;
				TARGETED_DEVICE_FAMILY = "1,2";
			};
			name = Release;
		};
/* End XCBuildConfiguration section */

/* Begin XCConfigurationList section */
		455774DE212F847A00633E02 /* Build configuration list for PBXProject "Bucket List" */ = {
			isa = XCConfigurationList;
			buildConfigurations = (
				455774F3212F847B00633E02 /* Debug */,
				455774F4212F847B00633E02 /* Release */,
			);
			defaultConfigurationIsVisible = 0;
			defaultConfigurationName = Release;
		};
		455774F5212F847B00633E02 /* Build configuration list for PBXNativeTarget "Bucket List" */ = {
			isa = XCConfigurationList;
			buildConfigurations = (
				455774F6212F847B00633E02 /* Debug */,
				455774F7212F847B00633E02 /* Release */,
			);
			defaultConfigurationIsVisible = 0;
			defaultConfigurationName = Release;
		};
/* End XCConfigurationList section */
	};
	rootObject = 455774DB212F847A00633E02 /* Project object */;
}
